
Microsoft Visual Studio Solution File, Format Version 12.00
# Visual Studio Version 17
VisualStudioVersion = 17.2.32616.157
MinimumVisualStudioVersion = 10.0.40219.1
Project("{FAE04EC0-301F-11D3-BF4B-00C04F79EFBC}") = "MyWorkSpace", "MyWorkSpace\MyWorkSpace.csproj", "{683FECBB-A56C-4F1D-A062-4DDEC042DCF1}"
EndProject
Global
	GlobalSection(SolutionConfigurationPlatforms) = preSolution
		Debug|Any CPU = Debug|Any CPU
		Release|Any CPU = Release|Any CPU
	EndGlobalSection
	GlobalSection(ProjectConfigurationPlatforms) = postSolution
		{683FECBB-A56C-4F1D-A062-4DDEC042DCF1}.Debug|Any CPU.ActiveCfg = Debug|Any CPU
		{683FECBB-A56C-4F1D-A062-4DDEC042DCF1}.Debug|Any CPU.Build.0 = Debug|Any CPU
		{683FECBB-A56C-4F1D-A062-4DDEC042DCF1}.Release|Any CPU.ActiveCfg = Release|Any CPU
		{683FECBB-A56C-4F1D-A062-4DDEC042DCF1}.Release|Any CPU.Build.0 = Release|Any CPU
	EndGlobalSection
	GlobalSection(SolutionProperties) = preSolution
		HideSolutionNode = FALSE
	EndGlobalSection
	GlobalSection(ExtensibilityGlobals) = postSolution
		SolutionGuid = {DC061A34-65EE-4419-84EF-416F3BCD4EFE}
	EndGlobalSection
EndGlobal
